
Microsoft Visual Studio Solution File, Format Version 12.00
# Visual Studio Version 16
VisualStudioVersion = 16.0.29709.97
MinimumVisualStudioVersion = 10.0.40219.1
Project("{FAE04EC0-301F-11D3-BF4B-00C04F79EFBC}") = "Practica1", "Practica1\Practica1.csproj", "{398CD674-0AEA-45AB-BCEE-0823DE67D02B}"
EndProject
Global
	GlobalSection(SolutionConfigurationPlatforms) = preSolution
		Debug|Any CPU = Debug|Any CPU
		Release|Any CPU = Release|Any CPU
	EndGlobalSection
	GlobalSection(ProjectConfigurationPlatforms) = postSolution
		{398CD674-0AEA-45AB-BCEE-0823DE67D02B}.Debug|Any CPU.ActiveCfg = Debug|Any CPU
		{398CD674-0AEA-45AB-BCEE-0823DE67D02B}.Debug|Any CPU.Build.0 = Debug|Any CPU
		{398CD674-0AEA-45AB-BCEE-0823DE67D02B}.Release|Any CPU.ActiveCfg = Release|Any CPU
		{398CD674-0AEA-45AB-BCEE-0823DE67D02B}.Release|Any CPU.Build.0 = Release|Any CPU
	EndGlobalSection
	GlobalSection(SolutionProperties) = preSolution
		HideSolutionNode = FALSE
	EndGlobalSection
	GlobalSection(ExtensibilityGlobals) = postSolution
		SolutionGuid = {E1E47A18-4559-4EA9-B015-03FACA753A85}
	EndGlobalSection
EndGlobal
